
Microsoft Visual Studio Solution File, Format Version 12.00
# Visual Studio Version 17
VisualStudioVersion = 17.14.36511.14 d17.14
MinimumVisualStudioVersion = 10.0.40219.1
Project("{FAE04EC0-301F-11D3-BF4B-00C04F79EFBC}") = "LibraryManagementAPI", "LibraryManagementAPI.csproj", "{4E428AB4-0122-4949-B94F-860255004F5A}"
EndProject
Global
	GlobalSection(SolutionConfigurationPlatforms) = preSolution
		Debug|Any CPU = Debug|Any CPU
		Release|Any CPU = Release|Any CPU
	EndGlobalSection
	GlobalSection(ProjectConfigurationPlatforms) = postSolution
		{4E428AB4-0122-4949-B94F-860255004F5A}.Debug|Any CPU.ActiveCfg = Debug|Any CPU
		{4E428AB4-0122-4949-B94F-860255004F5A}.Debug|Any CPU.Build.0 = Debug|Any CPU
		{4E428AB4-0122-4949-B94F-860255004F5A}.Release|Any CPU.ActiveCfg = Release|Any CPU
		{4E428AB4-0122-4949-B94F-860255004F5A}.Release|Any CPU.Build.0 = Release|Any CPU
	EndGlobalSection
	GlobalSection(SolutionProperties) = preSolution
		HideSolutionNode = FALSE
	EndGlobalSection
	GlobalSection(ExtensibilityGlobals) = postSolution
		SolutionGuid = {CB5D33E5-FB29-40C2-A4BC-D59BDE19D1EA}
	EndGlobalSection
EndGlobal
